# THIS IS AN AUTOGENERATED FILE. DO NOT EDIT THIS FILE DIRECTLY.
# yarn lockfile v1


"@prisma/client@^4.10.1":
  version "4.10.1"
  resolved "https://registry.yarnpkg.com/@prisma/client/-/client-4.10.1.tgz#c47fd54661ee74b174cee63e9dc418ecf57a6ccd"
  integrity sha512-VonXLJZybdt8e5XZH5vnIGCRNnIh6OMX1FS3H/yzMGLT3STj5TJ/OkMcednrvELgk8PK89Vo3aSh51MWNO0axA==
  dependencies:
    "@prisma/engines-version" "4.10.1-2.aead147aa326ccb985dcfed5b065b4fdabd44b19"

"@prisma/engines-version@4.10.1-2.aead147aa326ccb985dcfed5b065b4fdabd44b19":
  version "4.10.1-2.aead147aa326ccb985dcfed5b065b4fdabd44b19"
  resolved "https://registry.yarnpkg.com/@prisma/engines-version/-/engines-version-4.10.1-2.aead147aa326ccb985dcfed5b065b4fdabd44b19.tgz#312359d9d00e39e323136d0270876293d315658e"
  integrity sha512-tsjTho7laDhf9EJ9EnDxAPEf7yrigSMDhniXeU4YoWc7azHAs4GPxRi2P9LTFonmHkJLMOLjR77J1oIP8Ife1w==

"@prisma/engines@4.10.1":
  version "4.10.1"
  resolved "https://registry.yarnpkg.com/@prisma/engines/-/engines-4.10.1.tgz#c7062747f254e5d5fce98a8cae566c25f9f29fb2"
  integrity sha512-B3tcTxjx196nuAu1GOTKO9cGPUgTFHYRdkPkTS4m5ptb2cejyBlH9X7GOfSt3xlI7p4zAJDshJP4JJivCg9ouA==

prisma@^4.10.1:
  version "4.10.1"
  resolved "https://registry.yarnpkg.com/prisma/-/prisma-4.10.1.tgz#88084695d7b364ae6bebf93d5006f84439c4e7d1"
  integrity sha512-0jDxgg+DruB1kHVNlcspXQB9au62IFfVg9drkhzXudszHNUAQn0lVuu+T8np0uC2z1nKD5S3qPeCyR8u5YFLnA==
  dependencies:
    "@prisma/engines" "4.10.1"
